name: nutritracker
description: A new Flutter project.

publish_to: "none"

version: 1.0.0+1

environment:
  sdk: ">=3.0.0 <4.0.0"

dependencies:
  flutter:
    sdk: flutter

  provider: ^6.0.5
  http: ^1.1.0

  drift: ^2.13.0
  drift_flutter: ^2.13.0

dev_dependencies:
  flutter_test:
    sdk: flutter

  drift_dev: ^2.13.0
  build_runner: ^2.4.6

flutter:
  uses-material-design: true
